
Microsoft Visual Studio Solution File, Format Version 12.00
# Visual Studio Version 17
VisualStudioVersion = 17.2.32602.215
MinimumVisualStudioVersion = 10.0.40219.1
Project("{9A19103F-16F7-4668-BE54-9A1E7A4F7556}") = "BlazorComponents", "BlazorComponents\BlazorComponents.csproj", "{F57CF038-D161-404E-A88B-CBB74C6D4161}"
EndProject
Project("{9A19103F-16F7-4668-BE54-9A1E7A4F7556}") = "ComponentDemo", "ComponentDemo\ComponentDemo.csproj", "{0DCC26AC-E2C9-4299-B2F0-F18968F25304}"
EndProject
Global
	GlobalSection(SolutionConfigurationPlatforms) = preSolution
		Debug|Any CPU = Debug|Any CPU
		Release|Any CPU = Release|Any CPU
	EndGlobalSection
	GlobalSection(ProjectConfigurationPlatforms) = postSolution
		{F57CF038-D161-404E-A88B-CBB74C6D4161}.Debug|Any CPU.ActiveCfg = Debug|Any CPU
		{F57CF038-D161-404E-A88B-CBB74C6D4161}.Debug|Any CPU.Build.0 = Debug|Any CPU
		{F57CF038-D161-404E-A88B-CBB74C6D4161}.Release|Any CPU.ActiveCfg = Release|Any CPU
		{F57CF038-D161-404E-A88B-CBB74C6D4161}.Release|Any CPU.Build.0 = Release|Any CPU
		{0DCC26AC-E2C9-4299-B2F0-F18968F25304}.Debug|Any CPU.ActiveCfg = Debug|Any CPU
		{0DCC26AC-E2C9-4299-B2F0-F18968F25304}.Debug|Any CPU.Build.0 = Debug|Any CPU
		{0DCC26AC-E2C9-4299-B2F0-F18968F25304}.Release|Any CPU.ActiveCfg = Release|Any CPU
		{0DCC26AC-E2C9-4299-B2F0-F18968F25304}.Release|Any CPU.Build.0 = Release|Any CPU
	EndGlobalSection
	GlobalSection(SolutionProperties) = preSolution
		HideSolutionNode = FALSE
	EndGlobalSection
	GlobalSection(ExtensibilityGlobals) = postSolution
		SolutionGuid = {05D34D11-BBA1-4CF6-8C24-AAB749C86652}
	EndGlobalSection
EndGlobal
